
Microsoft Visual Studio Solution File, Format Version 12.00
# Visual Studio Version 17
VisualStudioVersion = 17.4.33205.214
MinimumVisualStudioVersion = 10.0.40219.1
Project("{9A19103F-16F7-4668-BE54-9A1E7A4F7556}") = "QuanLySinhVien", "QuanLySinhVien.csproj", "{BD500044-5D81-4967-8BE3-6E2DA1214A71}"
EndProject
Global
	GlobalSection(SolutionConfigurationPlatforms) = preSolution
		Debug|Any CPU = Debug|Any CPU
		Release|Any CPU = Release|Any CPU
	EndGlobalSection
	GlobalSection(ProjectConfigurationPlatforms) = postSolution
		{BD500044-5D81-4967-8BE3-6E2DA1214A71}.Debug|Any CPU.ActiveCfg = Debug|Any CPU
		{BD500044-5D81-4967-8BE3-6E2DA1214A71}.Debug|Any CPU.Build.0 = Debug|Any CPU
		{BD500044-5D81-4967-8BE3-6E2DA1214A71}.Release|Any CPU.ActiveCfg = Release|Any CPU
		{BD500044-5D81-4967-8BE3-6E2DA1214A71}.Release|Any CPU.Build.0 = Release|Any CPU
	EndGlobalSection
	GlobalSection(SolutionProperties) = preSolution
		HideSolutionNode = FALSE
	EndGlobalSection
	GlobalSection(ExtensibilityGlobals) = postSolution
		SolutionGuid = {6DFFFE69-5446-46FB-8905-2A38687E15C6}
	EndGlobalSection
EndGlobal
